// !$*UTF8*$!
{
	archiveVersion = 1;
	classes = {
	};
	objectVersion = 77;
	objects = {

/* Begin PBXBuildFile section */
		412019AB2EFA57960014B446 /* StoreKit.framework in Frameworks */ = {isa = PBXBuildFile; fileRef = 412019AA2EFA57960014B446 /* StoreKit.framework */; };
		41EB7C092EB8547D003F2D59 /* BPMActivityExtension.appex in Embed App Extensions */ = {isa = PBXBuildFile; fileRef = 41EB7C002EB8547D003F2D59 /* BPMActivityExtension.appex */; settings = {ATTRIBUTES = (RemoveHeadersOnCopy, ); }; };
/* End PBXBuildFile section */

/* Begin PBXContainerItemProxy section */
		41EB7BD52EB8547C003F2D59 /* PBXContainerItemProxy */ = {
			isa = PBXContainerItemProxy;
			containerPortal = 41EB7BB82EB8547B003F2D59 /* Project object */;
			proxyType = 1;
			remoteGlobalIDString = 41EB7BBF2EB8547B003F2D59;
			remoteInfo = BPM;
		};
		41EB7BDF2EB8547C003F2D59 /* PBXContainerItemProxy */ = {
			isa = PBXContainerItemProxy;
			containerPortal = 41EB7BB82EB8547B003F2D59 /* Project object */;
			proxyType = 1;
			remoteGlobalIDString = 41EB7BBF2EB8547B003F2D59;
			remoteInfo = BPM;
		};
/* End PBXContainerItemProxy section */

/* Begin PBXCopyFilesBuildPhase section */
		41EB7C082EB8547D003F2D59 /* Embed App Extensions */ = {
			isa = PBXCopyFilesBuildPhase;
			buildActionMask = 2147483647;
			dstPath = "";
			dstSubfolderSpec = 13;
			files = (
				41EB7C092EB8547D003F2D59 /* BPMActivityExtension.appex in Embed App Extensions */,
			);
			name = "Embed App Extensions";
			runOnlyForDeploymentPostprocessing = 0;
		};
/* End PBXCopyFilesBuildPhase section */

/* Begin PBXFileReference section */
		412019AA2EFA57960014B446 /* StoreKit.framework */ = {isa = PBXFileReference; lastKnownFileType = wrapper.framework; name = StoreKit.framework; path = System/Library/Frameworks/StoreKit.framework; sourceTree = SDKROOT; };
		41EB7BC02EB8547B003F2D59 /* BPM.app */ = {isa = PBXFileReference; explicitFileType = wrapper.application; includeInIndex = 0; path = BPM.app; sourceTree = BUILT_PRODUCTS_DIR; };
		41EB7BD42EB8547C003F2D59 /* BPMTests.xctest */ = {isa = PBXFileReference; explicitFileType = wrapper.cfbundle; includeInIndex = 0; path = BPMTests.xctest; sourceTree = BUILT_PRODUCTS_DIR; };
		41EB7BDE2EB8547C003F2D59 /* BPMUITests.xctest */ = {isa = PBXFileReference; explicitFileType = wrapper.cfbundle; includeInIndex = 0; path = BPMUITests.xctest; sourceTree = BUILT_PRODUCTS_DIR; };
		41EB7C002EB8547D003F2D59 /* BPMActivityExtension.appex */ = {isa = PBXFileReference; explicitFileType = "wrapper.app-extension"; includeInIndex = 0; path = BPMActivityExtension.appex; sourceTree = BUILT_PRODUCTS_DIR; };
/* End PBXFileReference section */

/* Begin PBXFileSystemSynchronizedBuildFileExceptionSet section */
		41EB7BE62EB8547C003F2D59 /* Exceptions for "BPM" folder in "BPM" target */ = {
			isa = PBXFileSystemSynchronizedBuildFileExceptionSet;
			membershipExceptions = (
				Info.plist,
			);
			target = 41EB7BBF2EB8547B003F2D59 /* BPM */;
		};
		41EB7C0B2EB8547D003F2D59 /* Exceptions for "BPMActivityExtension" folder in "BPMActivityExtension" target */ = {
			isa = PBXFileSystemSynchronizedBuildFileExceptionSet;
			membershipExceptions = (
				Info.plist,
			);
			target = 41EB7C022EB8547D003F2D59 /* BPMActivityExtension */;
		};
/* End PBXFileSystemSynchronizedBuildFileExceptionSet section */

/* Begin PBXFileSystemSynchronizedRootGroup section */
		41EB7BC22EB8547B003F2D59 /* BPM */ = {
			isa = PBXFileSystemSynchronizedRootGroup;
			exceptions = (
				41EB7BE62EB8547C003F2D59 /* Exceptions for "BPM" folder in "BPM" target */,
			);
			path = BPM;
			sourceTree = "<group>";
		};
		41EB7BD72EB8547C003F2D59 /* BPMTests */ = {
			isa = PBXFileSystemSynchronizedRootGroup;
			path = BPMTests;
			sourceTree = "<group>";
		};
		41EB7BE12EB8547C003F2D59 /* BPMUITests */ = {
			isa = PBXFileSystemSynchronizedRootGroup;
			path = BPMUITests;
			sourceTree = "<group>";
		};
		41EB7C012EB8547D003F2D59 /* BPMActivityExtension */ = {
			isa = PBXFileSystemSynchronizedRootGroup;
			exceptions = (
				41EB7C0B2EB8547D003F2D59 /* Exceptions for "BPMActivityExtension" folder in "BPMActivityExtension" target */,
			);
			path = BPMActivityExtension;
			sourceTree = "<group>";
		};
		41EB7C1A2EB8547D003F2D59 /* Shared */ = {
			isa = PBXFileSystemSynchronizedRootGroup;
			path = Shared;
			sourceTree = "<group>";
		};
/* End PBXFileSystemSynchronizedRootGroup section */

/* Begin PBXFrameworksBuildPhase section */
		41EB7BBD2EB8547B003F2D59 /* Frameworks */ = {
			isa = PBXFrameworksBuildPhase;
			buildActionMask = 2147483647;
			files = (
				412019AB2EFA57960014B446 /* StoreKit.framework in Frameworks */,
			);
			runOnlyForDeploymentPostprocessing = 0;
		};
		41EB7BD12EB8547C003F2D59 /* Frameworks */ = {
			isa = PBXFrameworksBuildPhase;
			buildActionMask = 2147483647;
			files = (
			);
			runOnlyForDeploymentPostprocessing = 0;
		};
		41EB7BDB2EB8547C003F2D59 /* Frameworks */ = {
			isa = PBXFrameworksBuildPhase;
			buildActionMask = 2147483647;
			files = (
			);
			runOnlyForDeploymentPostprocessing = 0;
		};
		41EB7C0A2EB8547D003F2D59 /* Frameworks */ = {
			isa = PBXFrameworksBuildPhase;
			buildActionMask = 2147483647;
			files = (
			);
			runOnlyForDeploymentPostprocessing = 0;
		};
/* End PBXFrameworksBuildPhase section */

/* Begin PBXGroup section */
		412019A92EFA57960014B446 /* Frameworks */ = {
			isa = PBXGroup;
			children = (
				412019AA2EFA57960014B446 /* StoreKit.framework */,
			);
			name = Frameworks;
			sourceTree = "<group>";
		};
		41EB7BB72EB8547B003F2D59 = {
			isa = PBXGroup;
			children = (
				41EB7BC22EB8547B003F2D59 /* BPM */,
				41EB7BD72EB8547C003F2D59 /* BPMTests */,
				41EB7BE12EB8547C003F2D59 /* BPMUITests */,
				41EB7C012EB8547D003F2D59 /* BPMActivityExtension */,
				41EB7C1A2EB8547D003F2D59 /* Shared */,
				412019A92EFA57960014B446 /* Frameworks */,
				41EB7BC12EB8547B003F2D59 /* Products */,
			);
			sourceTree = "<group>";
		};
		41EB7BC12EB8547B003F2D59 /* Products */ = {
			isa = PBXGroup;
			children = (
				41EB7BC02EB8547B003F2D59 /* BPM.app */,
				41EB7BD42EB8547C003F2D59 /* BPMTests.xctest */,
				41EB7BDE2EB8547C003F2D59 /* BPMUITests.xctest */,
				41EB7C002EB8547D003F2D59 /* BPMActivityExtension.appex */,
			);
			name = Products;
			sourceTree = "<group>";
		};
/* End PBXGroup section */

/* Begin PBXNativeTarget section */
		41EB7BBF2EB8547B003F2D59 /* BPM */ = {
			isa = PBXNativeTarget;
			buildConfigurationList = 41EB7BE72EB8547C003F2D59 /* Build configuration list for PBXNativeTarget "BPM" */;
			buildPhases = (
				41EB7BBC2EB8547B003F2D59 /* Sources */,
				41EB7BBD2EB8547B003F2D59 /* Frameworks */,
				41EB7BBE2EB8547B003F2D59 /* Resources */,
				41EB7C082EB8547D003F2D59 /* Embed App Extensions */,
			);
			buildRules = (
			);
			dependencies = (
			);
			fileSystemSynchronizedGroups = (
				41EB7BC22EB8547B003F2D59 /* BPM */,
				41EB7C1A2EB8547D003F2D59 /* Shared */,
			);
			name = BPM;
			packageProductDependencies = (
			);
			productName = BPM;
			productReference = 41EB7BC02EB8547B003F2D59 /* BPM.app */;
			productType = "com.apple.product-type.application";
		};
		41EB7BD32EB8547C003F2D59 /* BPMTests */ = {
			isa = PBXNativeTarget;
			buildConfigurationList = 41EB7BEC2EB8547C003F2D59 /* Build configuration list for PBXNativeTarget "BPMTests" */;
			buildPhases = (
				41EB7BD02EB8547C003F2D59 /* Sources */,
				41EB7BD12EB8547C003F2D59 /* Frameworks */,
				41EB7BD22EB8547C003F2D59 /* Resources */,
			);
			buildRules = (
			);
			dependencies = (
				41EB7BD62EB8547C003F2D59 /* PBXTargetDependency */,
			);
			fileSystemSynchronizedGroups = (
				41EB7BD72EB8547C003F2D59 /* BPMTests */,
			);
			name = BPMTests;
			packageProductDependencies = (
			);
			productName = BPMTests;
			productReference = 41EB7BD42EB8547C003F2D59 /* BPMTests.xctest */;
			productType = "com.apple.product-type.bundle.unit-test";
		};
		41EB7BDD2EB8547C003F2D59 /* BPMUITests */ = {
			isa = PBXNativeTarget;
			buildConfigurationList = 41EB7BEF2EB8547C003F2D59 /* Build configuration list for PBXNativeTarget "BPMUITests" */;
			buildPhases = (
				41EB7BDA2EB8547C003F2D59 /* Sources */,
				41EB7BDB2EB8547C003F2D59 /* Frameworks */,
				41EB7BDC2EB8547C003F2D59 /* Resources */,
			);
			buildRules = (
			);
			dependencies = (
				41EB7BE02EB8547C003F2D59 /* PBXTargetDependency */,
			);
			fileSystemSynchronizedGroups = (
				41EB7BE12EB8547C003F2D59 /* BPMUITests */,
			);
			name = BPMUITests;
			packageProductDependencies = (
			);
			productName = BPMUITests;
			productReference = 41EB7BDE2EB8547C003F2D59 /* BPMUITests.xctest */;
			productType = "com.apple.product-type.bundle.ui-testing";
		};
		41EB7C022EB8547D003F2D59 /* BPMActivityExtension */ = {
			isa = PBXNativeTarget;
			buildConfigurationList = 41EB7C072EB8547D003F2D59 /* Build configuration list for PBXNativeTarget "BPMActivityExtension" */;
			buildPhases = (
				41EB7C032EB8547D003F2D59 /* Sources */,
				41EB7C0A2EB8547D003F2D59 /* Frameworks */,
				41EB7C042EB8547D003F2D59 /* Resources */,
			);
			buildRules = (
			);
			dependencies = (
			);
			fileSystemSynchronizedGroups = (
				41EB7C012EB8547D003F2D59 /* BPMActivityExtension */,
				41EB7C1A2EB8547D003F2D59 /* Shared */,
			);
			name = BPMActivityExtension;
			packageProductDependencies = (
			);
			productName = BPMActivityExtension;
			productReference = 41EB7C002EB8547D003F2D59 /* BPMActivityExtension.appex */;
			productType = "com.apple.product-type.app-extension";
		};
/* End PBXNativeTarget section */

/* Begin PBXProject section */
		41EB7BB82EB8547B003F2D59 /* Project object */ = {
			isa = PBXProject;
			attributes = {
				BuildIndependentTargetsInParallel = 1;
				LastSwiftUpdateCheck = 1640;
				LastUpgradeCheck = 2610;
				TargetAttributes = {
					41EB7BBF2EB8547B003F2D59 = {
						CreatedOnToolsVersion = 16.4;
					};
					41EB7BD32EB8547C003F2D59 = {
						CreatedOnToolsVersion = 16.4;
						TestTargetID = 41EB7BBF2EB8547B003F2D59;
					};
					41EB7BDD2EB8547C003F2D59 = {
						CreatedOnToolsVersion = 16.4;
						TestTargetID = 41EB7BBF2EB8547B003F2D59;
					};
					41EB7C022EB8547D003F2D59 = {
						CreatedOnToolsVersion = 16.4;
					};
				};
			};
			buildConfigurationList = 41EB7BBB2EB8547B003F2D59 /* Build configuration list for PBXProject "BPM" */;
			developmentRegion = en;
			hasScannedForEncodings = 0;
			knownRegions = (
				en,
				Base,
			);
			mainGroup = 41EB7BB72EB8547B003F2D59;
			minimizedProjectReferenceProxies = 1;
			preferredProjectObjectVersion = 77;
			productRefGroup = 41EB7BC12EB8547B003F2D59 /* Products */;
			projectDirPath = "";
			projectRoot = "";
			targets = (
				41EB7BBF2EB8547B003F2D59 /* BPM */,
				41EB7BD32EB8547C003F2D59 /* BPMTests */,
				41EB7BDD2EB8547C003F2D59 /* BPMUITests */,
				41EB7C022EB8547D003F2D59 /* BPMActivityExtension */,
			);
		};
/* End PBXProject section */

/* Begin PBXResourcesBuildPhase section */
		41EB7BBE2EB8547B003F2D59 /* Resources */ = {
			isa = PBXResourcesBuildPhase;
			buildActionMask = 2147483647;
			files = (
			);
			runOnlyForDeploymentPostprocessing = 0;
		};
		41EB7BD22EB8547C003F2D59 /* Resources */ = {
			isa = PBXResourcesBuildPhase;
			buildActionMask = 2147483647;
			files = (
			);
			runOnlyForDeploymentPostprocessing = 0;
		};
		41EB7BDC2EB8547C003F2D59 /* Resources */ = {
			isa = PBXResourcesBuildPhase;
			buildActionMask = 2147483647;
			files = (
			);
			runOnlyForDeploymentPostprocessing = 0;
		};
		41EB7C042EB8547D003F2D59 /* Resources */ = {
			isa = PBXResourcesBuildPhase;
			buildActionMask = 2147483647;
			files = (
			);
			runOnlyForDeploymentPostprocessing = 0;
		};
/* End PBXResourcesBuildPhase section */

/* Begin PBXSourcesBuildPhase section */
		41EB7BBC2EB8547B003F2D59 /* Sources */ = {
			isa = PBXSourcesBuildPhase;
			buildActionMask = 2147483647;
			files = (
			);
			runOnlyForDeploymentPostprocessing = 0;
		};
		41EB7BD02EB8547C003F2D59 /* Sources */ = {
			isa = PBXSourcesBuildPhase;
			buildActionMask = 2147483647;
			files = (
			);
			runOnlyForDeploymentPostprocessing = 0;
		};
		41EB7BDA2EB8547C003F2D59 /* Sources */ = {
			isa = PBXSourcesBuildPhase;
			buildActionMask = 2147483647;
			files = (
			);
			runOnlyForDeploymentPostprocessing = 0;
		};
		41EB7C032EB8547D003F2D59 /* Sources */ = {
			isa = PBXSourcesBuildPhase;
			buildActionMask = 2147483647;
			files = (
			);
			runOnlyForDeploymentPostprocessing = 0;
		};
/* End PBXSourcesBuildPhase section */

/* Begin PBXTargetDependency section */
		41EB7BD62EB8547C003F2D59 /* PBXTargetDependency */ = {
			isa = PBXTargetDependency;
			target = 41EB7BBF2EB8547B003F2D59 /* BPM */;
			targetProxy = 41EB7BD52EB8547C003F2D59 /* PBXContainerItemProxy */;
		};
		41EB7BE02EB8547C003F2D59 /* PBXTargetDependency */ = {
			isa = PBXTargetDependency;
			target = 41EB7BBF2EB8547B003F2D59 /* BPM */;
			targetProxy = 41EB7BDF2EB8547C003F2D59 /* PBXContainerItemProxy */;
		};
/* End PBXTargetDependency section */

/* Begin XCBuildConfiguration section */
		41EB7BE82EB8547C003F2D59 /* Debug */ = {
			isa = XCBuildConfiguration;
			buildSettings = {
				ASSETCATALOG_COMPILER_APPICON_NAME = AppIcon;
				ASSETCATALOG_COMPILER_GLOBAL_ACCENT_COLOR_NAME = AccentColor;
				CODE_SIGN_IDENTITY = "Apple Development";
				CODE_SIGN_STYLE = Automatic;
				CURRENT_PROJECT_VERSION = 1;
				DEVELOPMENT_TEAM = 5HW85B6746;
				ENABLE_PREVIEWS = YES;
				GENERATE_INFOPLIST_FILE = YES;
				INFOPLIST_FILE = BPM/Info.plist;
				INFOPLIST_KEY_LSApplicationCategoryType = "public.app-category.healthcare-fitness";
				INFOPLIST_KEY_UIApplicationSceneManifest_Generation = YES;
				INFOPLIST_KEY_UIApplicationSupportsIndirectInputEvents = YES;
				INFOPLIST_KEY_UILaunchScreen_Generation = YES;
				INFOPLIST_KEY_UISupportedInterfaceOrientations_iPad = "UIInterfaceOrientationPortrait UIInterfaceOrientationPortraitUpsideDown UIInterfaceOrientationLandscapeLeft UIInterfaceOrientationLandscapeRight";
				INFOPLIST_KEY_UISupportedInterfaceOrientations_iPhone = "UIInterfaceOrientationPortrait UIInterfaceOrientationPortraitUpsideDown UIInterfaceOrientationLandscapeLeft UIInterfaceOrientationLandscapeRight";
				LD_RUNPATH_SEARCH_PATHS = (
					"$(inherited)",
					"@executable_path/Frameworks",
				);
				MARKETING_VERSION = 1.7.2;
				PRODUCT_BUNDLE_IDENTIFIER = kvamme.BPM;
				PRODUCT_NAME = "$(TARGET_NAME)";
				PROVISIONING_PROFILE_SPECIFIER = "";
				SWIFT_EMIT_LOC_STRINGS = YES;
				SWIFT_VERSION = 5.0;
				TARGETED_DEVICE_FAMILY = "1,2";
			};
			name = Debug;
		};
		41EB7BE92EB8547C003F2D59 /* Release */ = {
			isa = XCBuildConfiguration;
			buildSettings = {
				ASSETCATALOG_COMPILER_APPICON_NAME = AppIcon;
				ASSETCATALOG_COMPILER_GLOBAL_ACCENT_COLOR_NAME = AccentColor;
				CODE_SIGN_IDENTITY = "Apple Development";
				CODE_SIGN_STYLE = Automatic;
				CURRENT_PROJECT_VERSION = 1;
				DEVELOPMENT_TEAM = 5HW85B6746;
				ENABLE_PREVIEWS = YES;
				GENERATE_INFOPLIST_FILE = YES;
				INFOPLIST_FILE = BPM/Info.plist;
				INFOPLIST_KEY_LSApplicationCategoryType = "public.app-category.healthcare-fitness";
				INFOPLIST_KEY_UIApplicationSceneManifest_Generation = YES;
				INFOPLIST_KEY_UIApplicationSupportsIndirectInputEvents = YES;
				INFOPLIST_KEY_UILaunchScreen_Generation = YES;
				INFOPLIST_KEY_UISupportedInterfaceOrientations_iPad = "UIInterfaceOrientationPortrait UIInterfaceOrientationPortraitUpsideDown UIInterfaceOrientationLandscapeLeft UIInterfaceOrientationLandscapeRight";
				INFOPLIST_KEY_UISupportedInterfaceOrientations_iPhone = "UIInterfaceOrientationPortrait UIInterfaceOrientationPortraitUpsideDown UIInterfaceOrientationLandscapeLeft UIInterfaceOrientationLandscapeRight";
				LD_RUNPATH_SEARCH_PATHS = (
					"$(inherited)",
					"@executable_path/Frameworks",
				);
				MARKETING_VERSION = 1.7.2;
				PRODUCT_BUNDLE_IDENTIFIER = kvamme.BPM;
				PRODUCT_NAME = "$(TARGET_NAME)";
				PROVISIONING_PROFILE_SPECIFIER = "";
				SWIFT_EMIT_LOC_STRINGS = YES;
				SWIFT_VERSION = 5.0;
				TARGETED_DEVICE_FAMILY = "1,2";
			};
			name = Release;
		};
		41EB7BEA2EB8547C003F2D59 /* Debug */ = {
			isa = XCBuildConfiguration;
			buildSettings = {
				ALWAYS_SEARCH_USER_PATHS = NO;
				ASSETCATALOG_COMPILER_GENERATE_SWIFT_ASSET_SYMBOL_EXTENSIONS = YES;
				CLANG_ANALYZER_NONNULL = YES;
				CLANG_ANALYZER_NUMBER_OBJECT_CONVERSION = YES_AGGRESSIVE;
				CLANG_CXX_LANGUAGE_STANDARD = "gnu++20";
				CLANG_ENABLE_MODULES = YES;
				CLANG_ENABLE_OBJC_ARC = YES;
				CLANG_ENABLE_OBJC_WEAK = YES;
				CLANG_WARN_BLOCK_CAPTURE_AUTORELEASING = YES;
				CLANG_WARN_BOOL_CONVERSION = YES;
				CLANG_WARN_COMMA = YES;
				CLANG_WARN_CONSTANT_CONVERSION = YES;
				CLANG_WARN_DEPRECATED_OBJC_IMPLEMENTATIONS = YES;
				CLANG_WARN_DIRECT_OBJC_ISA_USAGE = YES_ERROR;
				CLANG_WARN_DOCUMENTATION_COMMENTS = YES;
				CLANG_WARN_EMPTY_BODY = YES;
				CLANG_WARN_ENUM_CONVERSION = YES;
				CLANG_WARN_INFINITE_RECURSION = YES;
				CLANG_WARN_INT_CONVERSION = YES;
				CLANG_WARN_NON_LITERAL_NULL_CONVERSION = YES;
				CLANG_WARN_OBJC_IMPLICIT_RETAIN_SELF = YES;
				CLANG_WARN_OBJC_LITERAL_CONVERSION = YES;
				CLANG_WARN_OBJC_ROOT_CLASS = YES_ERROR;
				CLANG_WARN_QUOTED_INCLUDE_IN_FRAMEWORK_HEADER = YES;
				CLANG_WARN_RANGE_LOOP_ANALYSIS = YES;
				CLANG_WARN_STRICT_PROTOTYPES = YES;
				CLANG_WARN_SUSPICIOUS_MOVE = YES;
				CLANG_WARN_UNGUARDED_AVAILABILITY = YES_AGGRESSIVE;
				CLANG_WARN_UNREACHABLE_CODE = YES;
				CLANG_WARN__DUPLICATE_METHOD_MATCH = YES;
				COPY_PHASE_STRIP = NO;
				DEBUG_INFORMATION_FORMAT = dwarf;
				ENABLE_STRICT_OBJC_MSGSEND = YES;
				ENABLE_TESTABILITY = YES;
				ENABLE_USER_SCRIPT_SANDBOXING = YES;
				GCC_C_LANGUAGE_STANDARD = gnu17;
				GCC_DYNAMIC_NO_PIC = NO;
				GCC_NO_COMMON_BLOCKS = YES;
				GCC_OPTIMIZATION_LEVEL = 0;
				GCC_PREPROCESSOR_DEFINITIONS = (
					"DEBUG=1",
					"$(inherited)",
				);
				GCC_WARN_64_TO_32_BIT_CONVERSION = YES;
				GCC_WARN_ABOUT_RETURN_TYPE = YES_ERROR;
				GCC_WARN_UNDECLARED_SELECTOR = YES;
				GCC_WARN_UNINITIALIZED_AUTOS = YES_AGGRESSIVE;
				GCC_WARN_UNUSED_FUNCTION = YES;
				GCC_WARN_UNUSED_VARIABLE = YES;
				IPHONEOS_DEPLOYMENT_TARGET = 17.0;
				LOCALIZATION_PREFERS_STRING_CATALOGS = YES;
				MTL_ENABLE_DEBUG_INFO = INCLUDE_SOURCE;
				MTL_FAST_MATH = YES;
				ONLY_ACTIVE_ARCH = YES;
				SDKROOT = iphoneos;
				SWIFT_ACTIVE_COMPILATION_CONDITIONS = "DEBUG $(inherited)";
				SWIFT_OPTIMIZATION_LEVEL = "-Onone";
			};
			name = Debug;
		};
		41EB7BEB2EB8547C003F2D59 /* Release */ = {
			isa = XCBuildConfiguration;
			buildSettings = {
				ALWAYS_SEARCH_USER_PATHS = NO;
				ASSETCATALOG_COMPILER_GENERATE_SWIFT_ASSET_SYMBOL_EXTENSIONS = YES;
				CLANG_ANALYZER_NONNULL = YES;
				CLANG_ANALYZER_NUMBER_OBJECT_CONVERSION = YES_AGGRESSIVE;
				CLANG_CXX_LANGUAGE_STANDARD = "gnu++20";
				CLANG_ENABLE_MODULES = YES;
				CLANG_ENABLE_OBJC_ARC = YES;
				CLANG_ENABLE_OBJC_WEAK = YES;
				CLANG_WARN_BLOCK_CAPTURE_AUTORELEASING = YES;
				CLANG_WARN_BOOL_CONVERSION = YES;
				CLANG_WARN_COMMA = YES;
				CLANG_WARN_CONSTANT_CONVERSION = YES;
				CLANG_WARN_DEPRECATED_OBJC_IMPLEMENTATIONS = YES;
				CLANG_WARN_DIRECT_OBJC_ISA_USAGE = YES_ERROR;
				CLANG_WARN_DOCUMENTATION_COMMENTS = YES;
				CLANG_WARN_EMPTY_BODY = YES;
				CLANG_WARN_ENUM_CONVERSION = YES;
				CLANG_WARN_INFINITE_RECURSION = YES;
				CLANG_WARN_INT_CONVERSION = YES;
				CLANG_WARN_NON_LITERAL_NULL_CONVERSION = YES;
				CLANG_WARN_OBJC_IMPLICIT_RETAIN_SELF = YES;
				CLANG_WARN_OBJC_LITERAL_CONVERSION = YES;
				CLANG_WARN_OBJC_ROOT_CLASS = YES_ERROR;
				CLANG_WARN_QUOTED_INCLUDE_IN_FRAMEWORK_HEADER = YES;
				CLANG_WARN_RANGE_LOOP_ANALYSIS = YES;
				CLANG_WARN_STRICT_PROTOTYPES = YES;
				CLANG_WARN_SUSPICIOUS_MOVE = YES;
				CLANG_WARN_UNGUARDED_AVAILABILITY = YES_AGGRESSIVE;
				CLANG_WARN_UNREACHABLE_CODE = YES;
				CLANG_WARN__DUPLICATE_METHOD_MATCH = YES;
				COPY_PHASE_STRIP = NO;
				DEBUG_INFORMATION_FORMAT = "dwarf-with-dsym";
				ENABLE_NS_ASSERTIONS = NO;
				ENABLE_STRICT_OBJC_MSGSEND = YES;
				ENABLE_USER_SCRIPT_SANDBOXING = YES;
				GCC_C_LANGUAGE_STANDARD = gnu17;
				GCC_NO_COMMON_BLOCKS = YES;
				GCC_WARN_64_TO_32_BIT_CONVERSION = YES;
				GCC_WARN_ABOUT_RETURN_TYPE = YES_ERROR;
				GCC_WARN_UNDECLARED_SELECTOR = YES;
				GCC_WARN_UNINITIALIZED_AUTOS = YES_AGGRESSIVE;
				GCC_WARN_UNUSED_FUNCTION = YES;
				GCC_WARN_UNUSED_VARIABLE = YES;
				IPHONEOS_DEPLOYMENT_TARGET = 17.0;
				LOCALIZATION_PREFERS_STRING_CATALOGS = YES;
				MTL_ENABLE_DEBUG_INFO = NO;
				MTL_FAST_MATH = YES;
				SDKROOT = iphoneos;
				SWIFT_COMPILATION_MODE = wholemodule;
				VALIDATE_PRODUCT = YES;
			};
			name = Release;
		};
		41EB7BED2EB8547C003F2D59 /* Debug */ = {
			isa = XCBuildConfiguration;
			buildSettings = {
				BUNDLE_LOADER = "$(TEST_HOST)";
				CODE_SIGN_STYLE = Automatic;
				CURRENT_PROJECT_VERSION = 1;
				GENERATE_INFOPLIST_FILE = YES;
				IPHONEOS_DEPLOYMENT_TARGET = 17.0;
				MARKETING_VERSION = 1.7.2;
				PRODUCT_BUNDLE_IDENTIFIER = kvamme.BPMTests;
				PRODUCT_NAME = "$(TARGET_NAME)";
				SWIFT_EMIT_LOC_STRINGS = NO;
				SWIFT_VERSION = 5.0;
				TARGETED_DEVICE_FAMILY = "1,2";
				TEST_HOST = "$(BUILT_PRODUCTS_DIR)/BPM.app/$(BUNDLE_EXECUTABLE_FOLDER_PATH)/BPM";
			};
			name = Debug;
		};
		41EB7BEE2EB8547C003F2D59 /* Release */ = {
			isa = XCBuildConfiguration;
			buildSettings = {
				BUNDLE_LOADER = "$(TEST_HOST)";
				CODE_SIGN_STYLE = Automatic;
				CURRENT_PROJECT_VERSION = 1;
				GENERATE_INFOPLIST_FILE = YES;
				IPHONEOS_DEPLOYMENT_TARGET = 17.0;
				MARKETING_VERSION = 1.7.2;
				PRODUCT_BUNDLE_IDENTIFIER = kvamme.BPMTests;
				PRODUCT_NAME = "$(TARGET_NAME)";
				SWIFT_EMIT_LOC_STRINGS = NO;
				SWIFT_VERSION = 5.0;
				TARGETED_DEVICE_FAMILY = "1,2";
				TEST_HOST = "$(BUILT_PRODUCTS_DIR)/BPM.app/$(BUNDLE_EXECUTABLE_FOLDER_PATH)/BPM";
			};
			name = Release;
		};
		41EB7BF02EB8547C003F2D59 /* Debug */ = {
			isa = XCBuildConfiguration;
			buildSettings = {
				CODE_SIGN_STYLE = Automatic;
				CURRENT_PROJECT_VERSION = 1;
				GENERATE_INFOPLIST_FILE = YES;
				MARKETING_VERSION = 1.7.2;
				PRODUCT_BUNDLE_IDENTIFIER = kvamme.BPMUITests;
				PRODUCT_NAME = "$(TARGET_NAME)";
				SWIFT_EMIT_LOC_STRINGS = NO;
				SWIFT_VERSION = 5.0;
				TARGETED_DEVICE_FAMILY = "1,2";
				TEST_TARGET_NAME = BPM;
			};
			name = Debug;
		};
		41EB7BF12EB8547C003F2D59 /* Release */ = {
			isa = XCBuildConfiguration;
			buildSettings = {
				CODE_SIGN_STYLE = Automatic;
				CURRENT_PROJECT_VERSION = 1;
				GENERATE_INFOPLIST_FILE = YES;
				MARKETING_VERSION = 1.7.2;
				PRODUCT_BUNDLE_IDENTIFIER = kvamme.BPMUITests;
				PRODUCT_NAME = "$(TARGET_NAME)";
				SWIFT_EMIT_LOC_STRINGS = NO;
				SWIFT_VERSION = 5.0;
				TARGETED_DEVICE_FAMILY = "1,2";
				TEST_TARGET_NAME = BPM;
			};
			name = Release;
		};
		41EB7C052EB8547D003F2D59 /* Debug */ = {
			isa = XCBuildConfiguration;
			buildSettings = {
				CODE_SIGN_IDENTITY = "Apple Development";
				CODE_SIGN_STYLE = Automatic;
				CURRENT_PROJECT_VERSION = 1;
				DEVELOPMENT_TEAM = 5HW85B6746;
				INFOPLIST_FILE = BPMActivityExtension/Info.plist;
				INFOPLIST_KEY_CFBundleDisplayName = "BPM Live Activity";
				LD_RUNPATH_SEARCH_PATHS = (
					"$(inherited)",
					"@executable_path/Frameworks",
					"@executable_path/../../Frameworks",
				);
				MARKETING_VERSION = 1.7.2;
				PRODUCT_BUNDLE_IDENTIFIER = kvamme.BPM.activity;
				PRODUCT_NAME = "$(TARGET_NAME)";
				PROVISIONING_PROFILE_SPECIFIER = "";
				SKIP_INSTALL = YES;
				SWIFT_EMIT_LOC_STRINGS = YES;
				SWIFT_VERSION = 5.0;
				TARGETED_DEVICE_FAMILY = "1,2";
				WK_APP_BUNDLE_IDENTIFIER = kvamme.BPM;
			};
			name = Debug;
		};
		41EB7C062EB8547D003F2D59 /* Release */ = {
			isa = XCBuildConfiguration;
			buildSettings = {
				CODE_SIGN_IDENTITY = "Apple Development";
				CODE_SIGN_STYLE = Automatic;
				CURRENT_PROJECT_VERSION = 1;
				DEVELOPMENT_TEAM = 5HW85B6746;
				INFOPLIST_FILE = BPMActivityExtension/Info.plist;
				INFOPLIST_KEY_CFBundleDisplayName = "BPM Live Activity";
				LD_RUNPATH_SEARCH_PATHS = (
					"$(inherited)",
					"@executable_path/Frameworks",
					"@executable_path/../../Frameworks",
				);
				MARKETING_VERSION = 1.7.2;
				PRODUCT_BUNDLE_IDENTIFIER = kvamme.BPM.activity;
				PRODUCT_NAME = "$(TARGET_NAME)";
				PROVISIONING_PROFILE_SPECIFIER = "";
				SKIP_INSTALL = YES;
				SWIFT_EMIT_LOC_STRINGS = YES;
				SWIFT_VERSION = 5.0;
				TARGETED_DEVICE_FAMILY = "1,2";
				WK_APP_BUNDLE_IDENTIFIER = kvamme.BPM;
			};
			name = Release;
		};
/* End XCBuildConfiguration section */

/* Begin XCConfigurationList section */
		41EB7BBB2EB8547B003F2D59 /* Build configuration list for PBXProject "BPM" */ = {
			isa = XCConfigurationList;
			buildConfigurations = (
				41EB7BEA2EB8547C003F2D59 /* Debug */,
				41EB7BEB2EB8547C003F2D59 /* Release */,
			);
			defaultConfigurationIsVisible = 0;
			defaultConfigurationName = Release;
		};
		41EB7BE72EB8547C003F2D59 /* Build configuration list for PBXNativeTarget "BPM" */ = {
			isa = XCConfigurationList;
			buildConfigurations = (
				41EB7BE82EB8547C003F2D59 /* Debug */,
				41EB7BE92EB8547C003F2D59 /* Release */,
			);
			defaultConfigurationIsVisible = 0;
			defaultConfigurationName = Release;
		};
		41EB7BEC2EB8547C003F2D59 /* Build configuration list for PBXNativeTarget "BPMTests" */ = {
			isa = XCConfigurationList;
			buildConfigurations = (
				41EB7BED2EB8547C003F2D59 /* Debug */,
				41EB7BEE2EB8547C003F2D59 /* Release */,
			);
			defaultConfigurationIsVisible = 0;
			defaultConfigurationName = Release;
		};
		41EB7BEF2EB8547C003F2D59 /* Build configuration list for PBXNativeTarget "BPMUITests" */ = {
			isa = XCConfigurationList;
			buildConfigurations = (
				41EB7BF02EB8547C003F2D59 /* Debug */,
				41EB7BF12EB8547C003F2D59 /* Release */,
			);
			defaultConfigurationIsVisible = 0;
			defaultConfigurationName = Release;
		};
		41EB7C072EB8547D003F2D59 /* Build configuration list for PBXNativeTarget "BPMActivityExtension" */ = {
			isa = XCConfigurationList;
			buildConfigurations = (
				41EB7C052EB8547D003F2D59 /* Debug */,
				41EB7C062EB8547D003F2D59 /* Release */,
			);
			defaultConfigurationIsVisible = 0;
			defaultConfigurationName = Release;
		};
/* End XCConfigurationList section */
	};
	rootObject = 41EB7BB82EB8547B003F2D59 /* Project object */;
}
